
Microsoft Visual Studio Solution File, Format Version 12.00
# Visual Studio 15
VisualStudioVersion = 15.0.27703.2042
MinimumVisualStudioVersion = 10.0.40219.1
Project("{FAE04EC0-301F-11D3-BF4B-00C04F79EFBC}") = "AcademyHourglass", "AcademyHourglass\AcademyHourglass.csproj", "{02E2661E-1FC2-47FC-AA25-250B13D297C2}"
EndProject
Global
	GlobalSection(SolutionConfigurationPlatforms) = preSolution
		Debug|Any CPU = Debug|Any CPU
		Release|Any CPU = Release|Any CPU
	EndGlobalSection
	GlobalSection(ProjectConfigurationPlatforms) = postSolution
		{02E2661E-1FC2-47FC-AA25-250B13D297C2}.Debug|Any CPU.ActiveCfg = Debug|Any CPU
		{02E2661E-1FC2-47FC-AA25-250B13D297C2}.Debug|Any CPU.Build.0 = Debug|Any CPU
		{02E2661E-1FC2-47FC-AA25-250B13D297C2}.Release|Any CPU.ActiveCfg = Release|Any CPU
		{02E2661E-1FC2-47FC-AA25-250B13D297C2}.Release|Any CPU.Build.0 = Release|Any CPU
	EndGlobalSection
	GlobalSection(SolutionProperties) = preSolution
		HideSolutionNode = FALSE
	EndGlobalSection
	GlobalSection(ExtensibilityGlobals) = postSolution
		SolutionGuid = {94BBF3A0-D1B8-4662-9D3E-56DB1E5452DA}
	EndGlobalSection
EndGlobal
